// !$*UTF8*$!
{
	archiveVersion = 1;
	classes = {
	};
	objectVersion = 46;
	objects = {

/* Begin PBXBuildFile section */
		953FACD11D20A1D3005AE602 /* AppDelegate.swift in Sources */ = {isa = PBXBuildFile; fileRef = 953FACD01D20A1D3005AE602 /* AppDelegate.swift */; };
		953FACD31D20A1D3005AE602 /* ViewController.swift in Sources */ = {isa = PBXBuildFile; fileRef = 953FACD21D20A1D3005AE602 /* ViewController.swift */; };
		953FACD61D20A1D3005AE602 /* Main.storyboard in Resources */ = {isa = PBXBuildFile; fileRef = 953FACD41D20A1D3005AE602 /* Main.storyboard */; };
		953FACD81D20A1D4005AE602 /* Assets.xcassets in Resources */ = {isa = PBXBuildFile; fileRef = 953FACD71D20A1D4005AE602 /* Assets.xcassets */; };
		953FACDB1D20A1D4005AE602 /* LaunchScreen.storyboard in Resources */ = {isa = PBXBuildFile; fileRef = 953FACD91D20A1D4005AE602 /* LaunchScreen.storyboard */; };
/* End PBXBuildFile section */

/* Begin PBXFileReference section */
		953FACCD1D20A1D3005AE602 /* StrutsProblem.app */ = {isa = PBXFileReference; explicitFileType = wrapper.application; includeInIndex = 0; path = StrutsProblem.app; sourceTree = BUILT_PRODUCTS_DIR; };
		953FACD01D20A1D3005AE602 /* AppDelegate.swift */ = {isa = PBXFileReference; lastKnownFileType = sourcecode.swift; path = AppDelegate.swift; sourceTree = "<group>"; };
		953FACD21D20A1D3005AE602 /* ViewController.swift */ = {isa = PBXFileReference; lastKnownFileType = sourcecode.swift; path = ViewController.swift; sourceTree = "<group>"; };
		953FACD51D20A1D3005AE602 /* Base */ = {isa = PBXFileReference; lastKnownFileType = file.storyboard; name = Base; path = Base.lproj/Main.storyboard; sourceTree = "<group>"; };
		953FACD71D20A1D4005AE602 /* Assets.xcassets */ = {isa = PBXFileReference; lastKnownFileType = folder.assetcatalog; path = Assets.xcassets; sourceTree = "<group>"; };
		953FACDA1D20A1D4005AE602 /* Base */ = {isa = PBXFileReference; lastKnownFileType = file.storyboard; name = Base; path = Base.lproj/LaunchScreen.storyboard; sourceTree = "<group>"; };
		953FACDC1D20A1D4005AE602 /* Info.plist */ = {isa = PBXFileReference; lastKnownFileType = text.plist.xml; path = Info.plist; sourceTree = "<group>"; };
/* End PBXFileReference section */

/* Begin PBXFrameworksBuildPhase section */
		953FACCA1D20A1D3005AE602 /* Frameworks */ = {
			isa = PBXFrameworksBuildPhase;
			buildActionMask = 2147483647;
			files = (
			);
			runOnlyForDeploymentPostprocessing = 0;
		};
/* End PBXFrameworksBuildPhase section */

/* Begin PBXGroup section */
		953FACC41D20A1D3005AE602 = {
			isa = PBXGroup;
			children = (
				953FACCF1D20A1D3005AE602 /* StrutsProblem */,
				953FACCE1D20A1D3005AE602 /* Products */,
			);
			sourceTree = "<group>";
		};
		953FACCE1D20A1D3005AE602 /* Products */ = {
			isa = PBXGroup;
			children = (
				953FACCD1D20A1D3005AE602 /* StrutsProblem.app */,
			);
			name = Products;
			sourceTree = "<group>";
		};
		953FACCF1D20A1D3005AE602 /* StrutsProblem */ = {
			isa = PBXGroup;
			children = (
				953FACD01D20A1D3005AE602 /* AppDelegate.swift */,
				953FACD21D20A1D3005AE602 /* ViewController.swift */,
				953FACD41D20A1D3005AE602 /* Main.storyboard */,
				953FACD71D20A1D4005AE602 /* Assets.xcassets */,
				953FACD91D20A1D4005AE602 /* LaunchScreen.storyboard */,
				953FACDC1D20A1D4005AE602 /* Info.plist */,
			);
			path = StrutsProblem;
			sourceTree = "<group>";
		};
/* End PBXGroup section */

/* Begin PBXNativeTarget section */
		953FACCC1D20A1D3005AE602 /* StrutsProblem */ = {
			isa = PBXNativeTarget;
			buildConfigurationList = 953FACDF1D20A1D4005AE602 /* Build configuration list for PBXNativeTarget "StrutsProblem" */;
			buildPhases = (
				953FACC91D20A1D3005AE602 /* Sources */,
				953FACCA1D20A1D3005AE602 /* Frameworks */,
				953FACCB1D20A1D3005AE602 /* Resources */,
			);
			buildRules = (
			);
			dependencies = (
			);
			name = StrutsProblem;
			productName = StrutsProblem;
			productReference = 953FACCD1D20A1D3005AE602 /* StrutsProblem.app */;
			productType = "com.apple.product-type.application";
		};
/* End PBXNativeTarget section */

/* Begin PBXProject section */
		953FACC51D20A1D3005AE602 /* Project object */ = {
			isa = PBXProject;
			attributes = {
				LastSwiftUpdateCheck = 0730;
				LastUpgradeCheck = 0730;
				ORGANIZATIONNAME = "Anna Rogers";
				TargetAttributes = {
					953FACCC1D20A1D3005AE602 = {
						CreatedOnToolsVersion = 7.3.1;
					};
				};
			};
			buildConfigurationList = 953FACC81D20A1D3005AE602 /* Build configuration list for PBXProject "StrutsProblem" */;
			compatibilityVersion = "Xcode 3.2";
			developmentRegion = English;
			hasScannedForEncodings = 0;
			knownRegions = (
				en,
				Base,
			);
			mainGroup = 953FACC41D20A1D3005AE602;
			productRefGroup = 953FACCE1D20A1D3005AE602 /* Products */;
			projectDirPath = "";
			projectRoot = "";
			targets = (
				953FACCC1D20A1D3005AE602 /* StrutsProblem */,
			);
		};
/* End PBXProject section */

/* Begin PBXResourcesBuildPhase section */
		953FACCB1D20A1D3005AE602 /* Resources */ = {
			isa = PBXResourcesBuildPhase;
			buildActionMask = 2147483647;
			files = (
				953FACDB1D20A1D4005AE602 /* LaunchScreen.storyboard in Resources */,
				953FACD81D20A1D4005AE602 /* Assets.xcassets in Resources */,
				953FACD61D20A1D3005AE602 /* Main.storyboard in Resources */,
			);
			runOnlyForDeploymentPostprocessing = 0;
		};
/* End PBXResourcesBuildPhase section */

/* Begin PBXSourcesBuildPhase section */
		953FACC91D20A1D3005AE602 /* Sources */ = {
			isa = PBXSourcesBuildPhase;
			buildActionMask = 2147483647;
			files = (
				953FACD31D20A1D3005AE602 /* ViewController.swift in Sources */,
				953FACD11D20A1D3005AE602 /* AppDelegate.swift in Sources */,
			);
			runOnlyForDeploymentPostprocessing = 0;
		};
/* End PBXSourcesBuildPhase section */

/* Begin PBXVariantGroup section */
		953FACD41D20A1D3005AE602 /* Main.storyboard */ = {
			isa = PBXVariantGroup;
			children = (
				953FACD51D20A1D3005AE602 /* Base */,
			);
			name = Main.storyboard;
			sourceTree = "<group>";
		};
		953FACD91D20A1D4005AE602 /* LaunchScreen.storyboard */ = {
			isa = PBXVariantGroup;
			children = (
				953FACDA1D20A1D4005AE602 /* Base */,
			);
			name = LaunchScreen.storyboard;
			sourceTree = "<group>";
		};
/* End PBXVariantGroup section */

/* Begin XCBuildConfiguration section */
		953FACDD1D20A1D4005AE602 /* Debug */ = {
			isa = XCBuildConfiguration;
			buildSettings = {
				ALWAYS_SEARCH_USER_PATHS = NO;
				CLANG_ANALYZER_NONNULL = YES;
				CLANG_CXX_LANGUAGE_STANDARD = "gnu++0x";
				CLANG_CXX_LIBRARY = "libc++";
				CLANG_ENABLE_MODULES = YES;
				CLANG_ENABLE_OBJC_ARC = YES;
				CLANG_WARN_BOOL_CONVERSION = YES;
				CLANG_WARN_CONSTANT_CONVERSION = YES;
				CLANG_WARN_DIRECT_OBJC_ISA_USAGE = YES_ERROR;
				CLANG_WARN_EMPTY_BODY = YES;
				CLANG_WARN_ENUM_CONVERSION = YES;
				CLANG_WARN_INT_CONVERSION = YES;
				CLANG_WARN_OBJC_ROOT_CLASS = YES_ERROR;
				CLANG_WARN_UNREACHABLE_CODE = YES;
				CLANG_WARN__DUPLICATE_METHOD_MATCH = YES;
				"CODE_SIGN_IDENTITY[sdk=iphoneos*]" = "iPhone Developer";
				COPY_PHASE_STRIP = NO;
				DEBUG_INFORMATION_FORMAT = dwarf;
				ENABLE_STRICT_OBJC_MSGSEND = YES;
				ENABLE_TESTABILITY = YES;
				GCC_C_LANGUAGE_STANDARD = gnu99;
				GCC_DYNAMIC_NO_PIC = NO;
				GCC_NO_COMMON_BLOCKS = YES;
				GCC_OPTIMIZATION_LEVEL = 0;
				GCC_PREPROCESSOR_DEFINITIONS = (
					"DEBUG=1",
					"$(inherited)",
				);
				GCC_WARN_64_TO_32_BIT_CONVERSION = YES;
				GCC_WARN_ABOUT_RETURN_TYPE = YES_ERROR;
				GCC_WARN_UNDECLARED_SELECTOR = YES;
				GCC_WARN_UNINITIALIZED_AUTOS = YES_AGGRESSIVE;
				GCC_WARN_UNUSED_FUNCTION = YES;
				GCC_WARN_UNUSED_VARIABLE = YES;
				IPHONEOS_DEPLOYMENT_TARGET = 9.3;
				MTL_ENABLE_DEBUG_INFO = YES;
				ONLY_ACTIVE_ARCH = YES;
				SDKROOT = iphoneos;
				SWIFT_OPTIMIZATION_LEVEL = "-Onone";
				TARGETED_DEVICE_FAMILY = "1,2";
			};
			name = Debug;
		};
		953FACDE1D20A1D4005AE602 /* Release */ = {
			isa = XCBuildConfiguration;
			buildSettings = {
				ALWAYS_SEARCH_USER_PATHS = NO;
				CLANG_ANALYZER_NONNULL = YES;
				CLANG_CXX_LANGUAGE_STANDARD = "gnu++0x";
				CLANG_CXX_LIBRARY = "libc++";
				CLANG_ENABLE_MODULES = YES;
				CLANG_ENABLE_OBJC_ARC = YES;
				CLANG_WARN_BOOL_CONVERSION = YES;
				CLANG_WARN_CONSTANT_CONVERSION = YES;
				CLANG_WARN_DIRECT_OBJC_ISA_USAGE = YES_ERROR;
				CLANG_WARN_EMPTY_BODY = YES;
				CLANG_WARN_ENUM_CONVERSION = YES;
				CLANG_WARN_INT_CONVERSION = YES;
				CLANG_WARN_OBJC_ROOT_CLASS = YES_ERROR;
				CLANG_WARN_UNREACHABLE_CODE = YES;
				CLANG_WARN__DUPLICATE_METHOD_MATCH = YES;
				"CODE_SIGN_IDENTITY[sdk=iphoneos*]" = "iPhone Developer";
				COPY_PHASE_STRIP = NO;
				DEBUG_INFORMATION_FORMAT = "dwarf-with-dsym";
				ENABLE_NS_ASSERTIONS = NO;
				ENABLE_STRICT_OBJC_MSGSEND = YES;
				GCC_C_LANGUAGE_STANDARD = gnu99;
				GCC_NO_COMMON_BLOCKS = YES;
				GCC_WARN_64_TO_32_BIT_CONVERSION = YES;
				GCC_WARN_ABOUT_RETURN_TYPE = YES_ERROR;
				GCC_WARN_UNDECLARED_SELECTOR = YES;
				GCC_WARN_UNINITIALIZED_AUTOS = YES_AGGRESSIVE;
				GCC_WARN_UNUSED_FUNCTION = YES;
				GCC_WARN_UNUSED_VARIABLE = YES;
				IPHONEOS_DEPLOYMENT_TARGET = 9.3;
				MTL_ENABLE_DEBUG_INFO = NO;
				SDKROOT = iphoneos;
				TARGETED_DEVICE_FAMILY = "1,2";
				VALIDATE_PRODUCT = YES;
			};
			name = Release;
		};
		953FACE01D20A1D4005AE602 /* Debug */ = {
			isa = XCBuildConfiguration;
			buildSettings = {
				ASSETCATALOG_COMPILER_APPICON_NAME = AppIcon;
				INFOPLIST_FILE = StrutsProblem/Info.plist;
				LD_RUNPATH_SEARCH_PATHS = "$(inherited) @executable_path/Frameworks";
				PRODUCT_BUNDLE_IDENTIFIER = "udacity-course.StrutsProblem";
				PRODUCT_NAME = "$(TARGET_NAME)";
			};
			name = Debug;
		};
		953FACE11D20A1D4005AE602 /* Release */ = {
			isa = XCBuildConfiguration;
			buildSettings = {
				ASSETCATALOG_COMPILER_APPICON_NAME = AppIcon;
				INFOPLIST_FILE = StrutsProblem/Info.plist;
				LD_RUNPATH_SEARCH_PATHS = "$(inherited) @executable_path/Frameworks";
				PRODUCT_BUNDLE_IDENTIFIER = "udacity-course.StrutsProblem";
				PRODUCT_NAME = "$(TARGET_NAME)";
			};
			name = Release;
		};
/* End XCBuildConfiguration section */

/* Begin XCConfigurationList section */
		953FACC81D20A1D3005AE602 /* Build configuration list for PBXProject "StrutsProblem" */ = {
			isa = XCConfigurationList;
			buildConfigurations = (
				953FACDD1D20A1D4005AE602 /* Debug */,
				953FACDE1D20A1D4005AE602 /* Release */,
			);
			defaultConfigurationIsVisible = 0;
			defaultConfigurationName = Release;
		};
		953FACDF1D20A1D4005AE602 /* Build configuration list for PBXNativeTarget "StrutsProblem" */ = {
			isa = XCConfigurationList;
			buildConfigurations = (
				953FACE01D20A1D4005AE602 /* Debug */,
				953FACE11D20A1D4005AE602 /* Release */,
			);
			defaultConfigurationIsVisible = 0;
		};
/* End XCConfigurationList section */
	};
	rootObject = 953FACC51D20A1D3005AE602 /* Project object */;
}
